
Microsoft Visual Studio Solution File, Format Version 12.00
# Visual Studio Version 16
VisualStudioVersion = 16.0.29613.14
MinimumVisualStudioVersion = 10.0.40219.1
Project("{FAE04EC0-301F-11D3-BF4B-00C04F79EFBC}") = "TagProcGen", "TagProcGen\TagProcGen.csproj", "{E9A5E9B2-A2A8-4567-9244-22AFF46ECDAE}"
EndProject
Project("{7CF6DF6D-3B04-46F8-A40B-537D21BCA0B4}") = "Documentation", "Documentation\Documentation.shfbproj", "{D9B3F297-AFF9-4991-BBEC-CCB64A291482}"
EndProject
Global
	GlobalSection(SolutionConfigurationPlatforms) = preSolution
		Debug Console|Any CPU = Debug Console|Any CPU
		Debug|Any CPU = Debug|Any CPU
		Release|Any CPU = Release|Any CPU
	EndGlobalSection
	GlobalSection(ProjectConfigurationPlatforms) = postSolution
		{E9A5E9B2-A2A8-4567-9244-22AFF46ECDAE}.Debug Console|Any CPU.ActiveCfg = Debug Console|Any CPU
		{E9A5E9B2-A2A8-4567-9244-22AFF46ECDAE}.Debug Console|Any CPU.Build.0 = Debug Console|Any CPU
		{E9A5E9B2-A2A8-4567-9244-22AFF46ECDAE}.Debug|Any CPU.ActiveCfg = Debug|Any CPU
		{E9A5E9B2-A2A8-4567-9244-22AFF46ECDAE}.Debug|Any CPU.Build.0 = Debug|Any CPU
		{E9A5E9B2-A2A8-4567-9244-22AFF46ECDAE}.Release|Any CPU.ActiveCfg = Release|Any CPU
		{E9A5E9B2-A2A8-4567-9244-22AFF46ECDAE}.Release|Any CPU.Build.0 = Release|Any CPU
		{D9B3F297-AFF9-4991-BBEC-CCB64A291482}.Debug Console|Any CPU.ActiveCfg = Release|Any CPU
		{D9B3F297-AFF9-4991-BBEC-CCB64A291482}.Debug|Any CPU.ActiveCfg = Release|Any CPU
		{D9B3F297-AFF9-4991-BBEC-CCB64A291482}.Release|Any CPU.ActiveCfg = Release|Any CPU
		{D9B3F297-AFF9-4991-BBEC-CCB64A291482}.Release|Any CPU.Build.0 = Release|Any CPU
	EndGlobalSection
	GlobalSection(SolutionProperties) = preSolution
		HideSolutionNode = FALSE
	EndGlobalSection
	GlobalSection(ExtensibilityGlobals) = postSolution
		SolutionGuid = {0822E4F0-6C43-408D-A674-091E23AE3B12}
	EndGlobalSection
EndGlobal
